# This file is automatically @generated by Poetry 1.6.1 and should not be changed by hand.

[[package]]
name = "attrs"
version = "23.1.0"
description = "Classes Without Boilerplate"
optional = false
python-versions = ">=3.7"
files = [
    {file = "attrs-23.1.0-py3-none-any.whl", hash = "sha256:1f28b4522cdc2fb4256ac1a020c78acf9cba2c6b461ccd2c126f3aa8e8335d04"},
    {file = "attrs-23.1.0.tar.gz", hash = "sha256:6279836d581513a26f1bf235f9acd333bc9115683f14f7e8fae46c98fc50e015"},
]

[package.extras]
cov = ["attrs[tests]", "coverage[toml] (>=5.3)"]
dev = ["attrs[docs,tests]", "pre-commit"]
docs = ["furo", "myst-parser", "sphinx", "sphinx-notfound-page", "sphinxcontrib-towncrier", "towncrier", "zope-interface"]
tests = ["attrs[tests-no-zope]", "zope-interface"]
tests-no-zope = ["cloudpickle", "hypothesis", "mypy (>=1.1.1)", "pympler", "pytest (>=4.3.0)", "pytest-mypy-plugins", "pytest-xdist[psutil]"]

[[package]]
name = "fastjsonschema"
version = "2.18.1"
description = "Fastest Python implementation of JSON schema"
optional = false
python-versions = "*"
files = [
    {file = "fastjsonschema-2.18.1-py3-none-any.whl", hash = "sha256:aec6a19e9f66e9810ab371cc913ad5f4e9e479b63a7072a2cd060a9369e329a8"},
    {file = "fastjsonschema-2.18.1.tar.gz", hash = "sha256:06dc8680d937628e993fa0cd278f196d20449a1adc087640710846b324d422ea"},
]

[package.extras]
devel = ["colorama", "json-spec", "jsonschema", "pylint", "pytest", "pytest-benchmark", "pytest-cache", "validictory"]

[[package]]
name = "geographiclib"
version = "2.0"
description = "The geodesic routines from GeographicLib"
optional = false
python-versions = ">=3.7"
files = [
    {file = "geographiclib-2.0-py3-none-any.whl", hash = "sha256:6b7225248e45ff7edcee32becc4e0a1504c606ac5ee163a5656d482e0cd38734"},
    {file = "geographiclib-2.0.tar.gz", hash = "sha256:f7f41c85dc3e1c2d3d935ec86660dc3b2c848c83e17f9a9e51ba9d5146a15859"},
]

[[package]]
name = "geopy"
version = "2.4.0"
description = "Python Geocoding Toolbox"
optional = false
python-versions = ">=3.7"
files = [
    {file = "geopy-2.4.0-py3-none-any.whl", hash = "sha256:d2639a46d0ce4c091e9688b750ba94348a14b898a1e55c68f4b4a07e7d1afa20"},
    {file = "geopy-2.4.0.tar.gz", hash = "sha256:a59392bf17adb486b25dbdd71fbed27733bdf24a2dac588047a619de56695e36"},
]

[package.dependencies]
geographiclib = ">=1.52,<3"

[package.extras]
aiohttp = ["aiohttp"]
dev = ["coverage", "flake8 (>=5.0,<5.1)", "isort (>=5.10.0,<5.11.0)", "pytest (>=3.10)", "pytest-asyncio (>=0.17)", "readme-renderer", "sphinx (<=4.3.2)", "sphinx-issues", "sphinx-rtd-theme (>=0.5.0)"]
dev-docs = ["readme-renderer", "sphinx (<=4.3.2)", "sphinx-issues", "sphinx-rtd-theme (>=0.5.0)"]
dev-lint = ["flake8 (>=5.0,<5.1)", "isort (>=5.10.0,<5.11.0)"]
dev-test = ["coverage", "pytest (>=3.10)", "pytest-asyncio (>=0.17)", "sphinx (<=4.3.2)"]
requests = ["requests (>=2.16.2)", "urllib3 (>=1.24.2)"]
timezone = ["pytz"]

[[package]]
name = "jsonschema"
version = "4.19.1"
description = "An implementation of JSON Schema validation for Python"
optional = false
python-versions = ">=3.8"
files = [
    {file = "jsonschema-4.19.1-py3-none-any.whl", hash = "sha256:cd5f1f9ed9444e554b38ba003af06c0a8c2868131e56bfbef0550fb450c0330e"},
    {file = "jsonschema-4.19.1.tar.gz", hash = "sha256:ec84cc37cfa703ef7cd4928db24f9cb31428a5d0fa77747b8b51a847458e0bbf"},
]

[package.dependencies]
attrs = ">=22.2.0"
jsonschema-specifications = ">=2023.03.6"
referencing = ">=0.28.4"
rpds-py = ">=0.7.1"

[package.extras]
format = ["fqdn", "idna", "isoduration", "jsonpointer (>1.13)", "rfc3339-validator", "rfc3987", "uri-template", "webcolors (>=1.11)"]
format-nongpl = ["fqdn", "idna", "isoduration", "jsonpointer (>1.13)", "rfc3339-validator", "rfc3986-validator (>0.1.0)", "uri-template", "webcolors (>=1.11)"]

[[package]]
name = "jsonschema-specifications"
version = "2023.7.1"
description = "The JSON Schema meta-schemas and vocabularies, exposed as a Registry"
optional = false
python-versions = ">=3.8"
files = [
    {file = "jsonschema_specifications-2023.7.1-py3-none-any.whl", hash = "sha256:05adf340b659828a004220a9613be00fa3f223f2b82002e273dee62fd50524b1"},
    {file = "jsonschema_specifications-2023.7.1.tar.gz", hash = "sha256:c91a50404e88a1f6ba40636778e2ee08f6e24c5613fe4c53ac24578a5a7f72bb"},
]

[package.dependencies]
referencing = ">=0.28.0"

[[package]]
name = "jupyter-core"
version = "5.4.0"
description = "Jupyter core package. A base package on which Jupyter projects rely."
optional = false
python-versions = ">=3.8"
files = [
    {file = "jupyter_core-5.4.0-py3-none-any.whl", hash = "sha256:66e252f675ac04dcf2feb6ed4afb3cd7f68cf92f483607522dc251f32d471571"},
    {file = "jupyter_core-5.4.0.tar.gz", hash = "sha256:e4b98344bb94ee2e3e6c4519a97d001656009f9cb2b7f2baf15b3c205770011d"},
]

[package.dependencies]
platformdirs = ">=2.5"
pywin32 = {version = ">=300", markers = "sys_platform == \"win32\" and platform_python_implementation != \"PyPy\""}
traitlets = ">=5.3"

[package.extras]
docs = ["myst-parser", "sphinx-autodoc-typehints", "sphinxcontrib-github-alt", "sphinxcontrib-spelling", "traitlets"]
test = ["ipykernel", "pre-commit", "pytest", "pytest-cov", "pytest-timeout"]

[[package]]
name = "nbformat"
version = "5.9.2"
description = "The Jupyter Notebook format"
optional = false
python-versions = ">=3.8"
files = [
    {file = "nbformat-5.9.2-py3-none-any.whl", hash = "sha256:1c5172d786a41b82bcfd0c23f9e6b6f072e8fb49c39250219e4acfff1efe89e9"},
    {file = "nbformat-5.9.2.tar.gz", hash = "sha256:5f98b5ba1997dff175e77e0c17d5c10a96eaed2cbd1de3533d1fc35d5e111192"},
]

[package.dependencies]
fastjsonschema = "*"
jsonschema = ">=2.6"
jupyter-core = "*"
traitlets = ">=5.1"

[package.extras]
docs = ["myst-parser", "pydata-sphinx-theme", "sphinx", "sphinxcontrib-github-alt", "sphinxcontrib-spelling"]
test = ["pep440", "pre-commit", "pytest", "testpath"]

[[package]]
name = "numpy"
version = "1.26.1"
description = "Fundamental package for array computing in Python"
optional = false
python-versions = "<3.13,>=3.9"
files = [
    {file = "numpy-1.26.1-cp310-cp310-macosx_10_9_x86_64.whl", hash = "sha256:82e871307a6331b5f09efda3c22e03c095d957f04bf6bc1804f30048d0e5e7af"},
    {file = "numpy-1.26.1-cp310-cp310-macosx_11_0_arm64.whl", hash = "sha256:cdd9ec98f0063d93baeb01aad472a1a0840dee302842a2746a7a8e92968f9575"},
    {file = "numpy-1.26.1-cp310-cp310-manylinux_2_17_aarch64.manylinux2014_aarch64.whl", hash = "sha256:d78f269e0c4fd365fc2992c00353e4530d274ba68f15e968d8bc3c69ce5f5244"},
    {file = "numpy-1.26.1-cp310-cp310-manylinux_2_17_x86_64.manylinux2014_x86_64.whl", hash = "sha256:8ab9163ca8aeb7fd32fe93866490654d2f7dda4e61bc6297bf72ce07fdc02f67"},
    {file = "numpy-1.26.1-cp310-cp310-musllinux_1_1_x86_64.whl", hash = "sha256:78ca54b2f9daffa5f323f34cdf21e1d9779a54073f0018a3094ab907938331a2"},
    {file = "numpy-1.26.1-cp310-cp310-win32.whl", hash = "sha256:d1cfc92db6af1fd37a7bb58e55c8383b4aa1ba23d012bdbba26b4bcca45ac297"},
    {file = "numpy-1.26.1-cp310-cp310-win_amd64.whl", hash = "sha256:d2984cb6caaf05294b8466966627e80bf6c7afd273279077679cb010acb0e5ab"},
    {file = "numpy-1.26.1-cp311-cp311-macosx_10_9_x86_64.whl", hash = "sha256:cd7837b2b734ca72959a1caf3309457a318c934abef7a43a14bb984e574bbb9a"},
    {file = "numpy-1.26.1-cp311-cp311-macosx_11_0_arm64.whl", hash = "sha256:1c59c046c31a43310ad0199d6299e59f57a289e22f0f36951ced1c9eac3665b9"},
    {file = "numpy-1.26.1-cp311-cp311-manylinux_2_17_aarch64.manylinux2014_aarch64.whl", hash = "sha256:d58e8c51a7cf43090d124d5073bc29ab2755822181fcad978b12e144e5e5a4b3"},
    {file = "numpy-1.26.1-cp311-cp311-manylinux_2_17_x86_64.manylinux2014_x86_64.whl", hash = "sha256:6081aed64714a18c72b168a9276095ef9155dd7888b9e74b5987808f0dd0a974"},
    {file = "numpy-1.26.1-cp311-cp311-musllinux_1_1_x86_64.whl", hash = "sha256:97e5d6a9f0702c2863aaabf19f0d1b6c2628fbe476438ce0b5ce06e83085064c"},
    {file = "numpy-1.26.1-cp311-cp311-win32.whl", hash = "sha256:b9d45d1dbb9de84894cc50efece5b09939752a2d75aab3a8b0cef6f3a35ecd6b"},
    {file = "numpy-1.26.1-cp311-cp311-win_amd64.whl", hash = "sha256:3649d566e2fc067597125428db15d60eb42a4e0897fc48d28cb75dc2e0454e53"},
    {file = "numpy-1.26.1-cp312-cp312-macosx_10_9_x86_64.whl", hash = "sha256:1d1bd82d539607951cac963388534da3b7ea0e18b149a53cf883d8f699178c0f"},
    {file = "numpy-1.26.1-cp312-cp312-macosx_11_0_arm64.whl", hash = "sha256:afd5ced4e5a96dac6725daeb5242a35494243f2239244fad10a90ce58b071d24"},
    {file = "numpy-1.26.1-cp312-cp312-manylinux_2_17_aarch64.manylinux2014_aarch64.whl", hash = "sha256:a03fb25610ef560a6201ff06df4f8105292ba56e7cdd196ea350d123fc32e24e"},
    {file = "numpy-1.26.1-cp312-cp312-manylinux_2_17_x86_64.manylinux2014_x86_64.whl", hash = "sha256:dcfaf015b79d1f9f9c9fd0731a907407dc3e45769262d657d754c3a028586124"},
    {file = "numpy-1.26.1-cp312-cp312-musllinux_1_1_x86_64.whl", hash = "sha256:e509cbc488c735b43b5ffea175235cec24bbc57b227ef1acc691725beb230d1c"},
    {file = "numpy-1.26.1-cp312-cp312-win32.whl", hash = "sha256:af22f3d8e228d84d1c0c44c1fbdeb80f97a15a0abe4f080960393a00db733b66"},
    {file = "numpy-1.26.1-cp312-cp312-win_amd64.whl", hash = "sha256:9f42284ebf91bdf32fafac29d29d4c07e5e9d1af862ea73686581773ef9e73a7"},
    {file = "numpy-1.26.1-cp39-cp39-macosx_10_9_x86_64.whl", hash = "sha256:bb894accfd16b867d8643fc2ba6c8617c78ba2828051e9a69511644ce86ce83e"},
    {file = "numpy-1.26.1-cp39-cp39-macosx_11_0_arm64.whl", hash = "sha256:e44ccb93f30c75dfc0c3aa3ce38f33486a75ec9abadabd4e59f114994a9c4617"},
    {file = "numpy-1.26.1-cp39-cp39-manylinux_2_17_aarch64.manylinux2014_aarch64.whl", hash = "sha256:9696aa2e35cc41e398a6d42d147cf326f8f9d81befcb399bc1ed7ffea339b64e"},
    {file = "numpy-1.26.1-cp39-cp39-manylinux_2_17_x86_64.manylinux2014_x86_64.whl", hash = "sha256:a5b411040beead47a228bde3b2241100454a6abde9df139ed087bd73fc0a4908"},
    {file = "numpy-1.26.1-cp39-cp39-musllinux_1_1_x86_64.whl", hash = "sha256:1e11668d6f756ca5ef534b5be8653d16c5352cbb210a5c2a79ff288e937010d5"},
    {file = "numpy-1.26.1-cp39-cp39-win32.whl", hash = "sha256:d1d2c6b7dd618c41e202c59c1413ef9b2c8e8a15f5039e344af64195459e3104"},
    {file = "numpy-1.26.1-cp39-cp39-win_amd64.whl", hash = "sha256:59227c981d43425ca5e5c01094d59eb14e8772ce6975d4b2fc1e106a833d5ae2"},
    {file = "numpy-1.26.1-pp39-pypy39_pp73-macosx_10_9_x86_64.whl", hash = "sha256:06934e1a22c54636a059215d6da99e23286424f316fddd979f5071093b648668"},
    {file = "numpy-1.26.1-pp39-pypy39_pp73-manylinux_2_17_x86_64.manylinux2014_x86_64.whl", hash = "sha256:76ff661a867d9272cd2a99eed002470f46dbe0943a5ffd140f49be84f68ffc42"},
    {file = "numpy-1.26.1-pp39-pypy39_pp73-win_amd64.whl", hash = "sha256:6965888d65d2848e8768824ca8288db0a81263c1efccec881cb35a0d805fcd2f"},
    {file = "numpy-1.26.1.tar.gz", hash = "sha256:c8c6c72d4a9f831f328efb1312642a1cafafaa88981d9ab76368d50d07d93cbe"},
]

[[package]]
name = "packaging"
version = "23.2"
description = "Core utilities for Python packages"
optional = false
python-versions = ">=3.7"
files = [
    {file = "packaging-23.2-py3-none-any.whl", hash = "sha256:8c491190033a9af7e1d931d0b5dacc2ef47509b34dd0de67ed209b5203fc88c7"},
    {file = "packaging-23.2.tar.gz", hash = "sha256:048fb0e9405036518eaaf48a55953c750c11e1a1b68e0dd1a9d62ed0c092cfc5"},
]

[[package]]
name = "pandas"
version = "2.1.1"
description = "Powerful data structures for data analysis, time series, and statistics"
optional = false
python-versions = ">=3.9"
files = [
    {file = "pandas-2.1.1-cp310-cp310-macosx_10_9_x86_64.whl", hash = "sha256:58d997dbee0d4b64f3cb881a24f918b5f25dd64ddf31f467bb9b67ae4c63a1e4"},
    {file = "pandas-2.1.1-cp310-cp310-macosx_11_0_arm64.whl", hash = "sha256:02304e11582c5d090e5a52aec726f31fe3f42895d6bfc1f28738f9b64b6f0614"},
    {file = "pandas-2.1.1-cp310-cp310-manylinux_2_17_aarch64.manylinux2014_aarch64.whl", hash = "sha256:ffa8f0966de2c22de408d0e322db2faed6f6e74265aa0856f3824813cf124363"},
    {file = "pandas-2.1.1-cp310-cp310-manylinux_2_17_x86_64.manylinux2014_x86_64.whl", hash = "sha256:c1f84c144dee086fe4f04a472b5cd51e680f061adf75c1ae4fc3a9275560f8f4"},
    {file = "pandas-2.1.1-cp310-cp310-musllinux_1_1_x86_64.whl", hash = "sha256:75ce97667d06d69396d72be074f0556698c7f662029322027c226fd7a26965cb"},
    {file = "pandas-2.1.1-cp310-cp310-win_amd64.whl", hash = "sha256:4c3f32fd7c4dccd035f71734df39231ac1a6ff95e8bdab8d891167197b7018d2"},
    {file = "pandas-2.1.1-cp311-cp311-macosx_10_9_x86_64.whl", hash = "sha256:9e2959720b70e106bb1d8b6eadd8ecd7c8e99ccdbe03ee03260877184bb2877d"},
    {file = "pandas-2.1.1-cp311-cp311-macosx_11_0_arm64.whl", hash = "sha256:25e8474a8eb258e391e30c288eecec565bfed3e026f312b0cbd709a63906b6f8"},
    {file = "pandas-2.1.1-cp311-cp311-manylinux_2_17_aarch64.manylinux2014_aarch64.whl", hash = "sha256:b8bd1685556f3374520466998929bade3076aeae77c3e67ada5ed2b90b4de7f0"},
    {file = "pandas-2.1.1-cp311-cp311-manylinux_2_17_x86_64.manylinux2014_x86_64.whl", hash = "sha256:dc3657869c7902810f32bd072f0740487f9e030c1a3ab03e0af093db35a9d14e"},
    {file = "pandas-2.1.1-cp311-cp311-musllinux_1_1_x86_64.whl", hash = "sha256:05674536bd477af36aa2effd4ec8f71b92234ce0cc174de34fd21e2ee99adbc2"},
    {file = "pandas-2.1.1-cp311-cp311-win_amd64.whl", hash = "sha256:b407381258a667df49d58a1b637be33e514b07f9285feb27769cedb3ab3d0b3a"},
    {file = "pandas-2.1.1-cp312-cp312-macosx_10_9_x86_64.whl", hash = "sha256:c747793c4e9dcece7bb20156179529898abf505fe32cb40c4052107a3c620b49"},
    {file = "pandas-2.1.1-cp312-cp312-macosx_11_0_arm64.whl", hash = "sha256:3bcad1e6fb34b727b016775bea407311f7721db87e5b409e6542f4546a4951ea"},
    {file = "pandas-2.1.1-cp312-cp312-manylinux_2_17_aarch64.manylinux2014_aarch64.whl", hash = "sha256:f5ec7740f9ccb90aec64edd71434711f58ee0ea7f5ed4ac48be11cfa9abf7317"},
    {file = "pandas-2.1.1-cp312-cp312-manylinux_2_17_x86_64.manylinux2014_x86_64.whl", hash = "sha256:29deb61de5a8a93bdd033df328441a79fcf8dd3c12d5ed0b41a395eef9cd76f0"},
    {file = "pandas-2.1.1-cp312-cp312-musllinux_1_1_x86_64.whl", hash = "sha256:4f99bebf19b7e03cf80a4e770a3e65eee9dd4e2679039f542d7c1ace7b7b1daa"},
    {file = "pandas-2.1.1-cp312-cp312-win_amd64.whl", hash = "sha256:84e7e910096416adec68075dc87b986ff202920fb8704e6d9c8c9897fe7332d6"},
    {file = "pandas-2.1.1-cp39-cp39-macosx_10_9_x86_64.whl", hash = "sha256:366da7b0e540d1b908886d4feb3d951f2f1e572e655c1160f5fde28ad4abb750"},
    {file = "pandas-2.1.1-cp39-cp39-macosx_11_0_arm64.whl", hash = "sha256:9e50e72b667415a816ac27dfcfe686dc5a0b02202e06196b943d54c4f9c7693e"},
    {file = "pandas-2.1.1-cp39-cp39-manylinux_2_17_aarch64.manylinux2014_aarch64.whl", hash = "sha256:cc1ab6a25da197f03ebe6d8fa17273126120874386b4ac11c1d687df288542dd"},
    {file = "pandas-2.1.1-cp39-cp39-manylinux_2_17_x86_64.manylinux2014_x86_64.whl", hash = "sha256:a0dbfea0dd3901ad4ce2306575c54348d98499c95be01b8d885a2737fe4d7a98"},
    {file = "pandas-2.1.1-cp39-cp39-musllinux_1_1_x86_64.whl", hash = "sha256:0489b0e6aa3d907e909aef92975edae89b1ee1654db5eafb9be633b0124abe97"},
    {file = "pandas-2.1.1-cp39-cp39-win_amd64.whl", hash = "sha256:4cdb0fab0400c2cb46dafcf1a0fe084c8bb2480a1fa8d81e19d15e12e6d4ded2"},
    {file = "pandas-2.1.1.tar.gz", hash = "sha256:fecb198dc389429be557cde50a2d46da8434a17fe37d7d41ff102e3987fd947b"},
]

[package.dependencies]
numpy = [
    {version = ">=1.23.2", markers = "python_version == \"3.11\""},
    {version = ">=1.26.0", markers = "python_version >= \"3.12\""},
]
python-dateutil = ">=2.8.2"
pytz = ">=2020.1"
tzdata = ">=2022.1"

[package.extras]
all = ["PyQt5 (>=5.15.6)", "SQLAlchemy (>=1.4.36)", "beautifulsoup4 (>=4.11.1)", "bottleneck (>=1.3.4)", "dataframe-api-compat (>=0.1.7)", "fastparquet (>=0.8.1)", "fsspec (>=2022.05.0)", "gcsfs (>=2022.05.0)", "html5lib (>=1.1)", "hypothesis (>=6.46.1)", "jinja2 (>=3.1.2)", "lxml (>=4.8.0)", "matplotlib (>=3.6.1)", "numba (>=0.55.2)", "numexpr (>=2.8.0)", "odfpy (>=1.4.1)", "openpyxl (>=3.0.10)", "pandas-gbq (>=0.17.5)", "psycopg2 (>=2.9.3)", "pyarrow (>=7.0.0)", "pymysql (>=1.0.2)", "pyreadstat (>=1.1.5)", "pytest (>=7.3.2)", "pytest-asyncio (>=0.17.0)", "pytest-xdist (>=2.2.0)", "pyxlsb (>=1.0.9)", "qtpy (>=2.2.0)", "s3fs (>=2022.05.0)", "scipy (>=1.8.1)", "tables (>=3.7.0)", "tabulate (>=0.8.10)", "xarray (>=2022.03.0)", "xlrd (>=2.0.1)", "xlsxwriter (>=3.0.3)", "zstandard (>=0.17.0)"]
aws = ["s3fs (>=2022.05.0)"]
clipboard = ["PyQt5 (>=5.15.6)", "qtpy (>=2.2.0)"]
compression = ["zstandard (>=0.17.0)"]
computation = ["scipy (>=1.8.1)", "xarray (>=2022.03.0)"]
consortium-standard = ["dataframe-api-compat (>=0.1.7)"]
excel = ["odfpy (>=1.4.1)", "openpyxl (>=3.0.10)", "pyxlsb (>=1.0.9)", "xlrd (>=2.0.1)", "xlsxwriter (>=3.0.3)"]
feather = ["pyarrow (>=7.0.0)"]
fss = ["fsspec (>=2022.05.0)"]
gcp = ["gcsfs (>=2022.05.0)", "pandas-gbq (>=0.17.5)"]
hdf5 = ["tables (>=3.7.0)"]
html = ["beautifulsoup4 (>=4.11.1)", "html5lib (>=1.1)", "lxml (>=4.8.0)"]
mysql = ["SQLAlchemy (>=1.4.36)", "pymysql (>=1.0.2)"]
output-formatting = ["jinja2 (>=3.1.2)", "tabulate (>=0.8.10)"]
parquet = ["pyarrow (>=7.0.0)"]
performance = ["bottleneck (>=1.3.4)", "numba (>=0.55.2)", "numexpr (>=2.8.0)"]
plot = ["matplotlib (>=3.6.1)"]
postgresql = ["SQLAlchemy (>=1.4.36)", "psycopg2 (>=2.9.3)"]
spss = ["pyreadstat (>=1.1.5)"]
sql-other = ["SQLAlchemy (>=1.4.36)"]
test = ["hypothesis (>=6.46.1)", "pytest (>=7.3.2)", "pytest-asyncio (>=0.17.0)", "pytest-xdist (>=2.2.0)"]
xml = ["lxml (>=4.8.0)"]

[[package]]
name = "platformdirs"
version = "3.11.0"
description = "A small Python package for determining appropriate platform-specific dirs, e.g. a \"user data dir\"."
optional = false
python-versions = ">=3.7"
files = [
    {file = "platformdirs-3.11.0-py3-none-any.whl", hash = "sha256:e9d171d00af68be50e9202731309c4e658fd8bc76f55c11c7dd760d023bda68e"},
    {file = "platformdirs-3.11.0.tar.gz", hash = "sha256:cf8ee52a3afdb965072dcc652433e0c7e3e40cf5ea1477cd4b3b1d2eb75495b3"},
]

[package.extras]
docs = ["furo (>=2023.7.26)", "proselint (>=0.13)", "sphinx (>=7.1.1)", "sphinx-autodoc-typehints (>=1.24)"]
test = ["appdirs (==1.4.4)", "covdefaults (>=2.3)", "pytest (>=7.4)", "pytest-cov (>=4.1)", "pytest-mock (>=3.11.1)"]

[[package]]
name = "plotly"
version = "5.17.0"
description = "An open-source, interactive data visualization library for Python"
optional = false
python-versions = ">=3.6"
files = [
    {file = "plotly-5.17.0-py2.py3-none-any.whl", hash = "sha256:7c84cdf11da162423da957bb093287134f2d6f170eb9a74f1459f825892247c3"},
    {file = "plotly-5.17.0.tar.gz", hash = "sha256:290d796bf7bab87aad184fe24b86096234c4c95dcca6ecbca02d02bdf17d3d97"},
]

[package.dependencies]
packaging = "*"
tenacity = ">=6.2.0"

[[package]]
name = "python-dateutil"
version = "2.8.2"
description = "Extensions to the standard Python datetime module"
optional = false
python-versions = "!=3.0.*,!=3.1.*,!=3.2.*,>=2.7"
files = [
    {file = "python-dateutil-2.8.2.tar.gz", hash = "sha256:0123cacc1627ae19ddf3c27a5de5bd67ee4586fbdd6440d9748f8abb483d3e86"},
    {file = "python_dateutil-2.8.2-py2.py3-none-any.whl", hash = "sha256:961d03dc3453ebbc59dbdea9e4e11c5651520a876d0f4db161e8674aae935da9"},
]

[package.dependencies]
six = ">=1.5"

[[package]]
name = "pytz"
version = "2023.3.post1"
description = "World timezone definitions, modern and historical"
optional = false
python-versions = "*"
files = [
    {file = "pytz-2023.3.post1-py2.py3-none-any.whl", hash = "sha256:ce42d816b81b68506614c11e8937d3aa9e41007ceb50bfdcb0749b921bf646c7"},
    {file = "pytz-2023.3.post1.tar.gz", hash = "sha256:7b4fddbeb94a1eba4b557da24f19fdf9db575192544270a9101d8509f9f43d7b"},
]

[[package]]
name = "pywin32"
version = "306"
description = "Python for Window Extensions"
optional = false
python-versions = "*"
files = [
    {file = "pywin32-306-cp310-cp310-win32.whl", hash = "sha256:06d3420a5155ba65f0b72f2699b5bacf3109f36acbe8923765c22938a69dfc8d"},
    {file = "pywin32-306-cp310-cp310-win_amd64.whl", hash = "sha256:84f4471dbca1887ea3803d8848a1616429ac94a4a8d05f4bc9c5dcfd42ca99c8"},
    {file = "pywin32-306-cp311-cp311-win32.whl", hash = "sha256:e65028133d15b64d2ed8f06dd9fbc268352478d4f9289e69c190ecd6818b6407"},
    {file = "pywin32-306-cp311-cp311-win_amd64.whl", hash = "sha256:a7639f51c184c0272e93f244eb24dafca9b1855707d94c192d4a0b4c01e1100e"},
    {file = "pywin32-306-cp311-cp311-win_arm64.whl", hash = "sha256:70dba0c913d19f942a2db25217d9a1b726c278f483a919f1abfed79c9cf64d3a"},
    {file = "pywin32-306-cp312-cp312-win32.whl", hash = "sha256:383229d515657f4e3ed1343da8be101000562bf514591ff383ae940cad65458b"},
    {file = "pywin32-306-cp312-cp312-win_amd64.whl", hash = "sha256:37257794c1ad39ee9be652da0462dc2e394c8159dfd913a8a4e8eb6fd346da0e"},
    {file = "pywin32-306-cp312-cp312-win_arm64.whl", hash = "sha256:5821ec52f6d321aa59e2db7e0a35b997de60c201943557d108af9d4ae1ec7040"},
    {file = "pywin32-306-cp37-cp37m-win32.whl", hash = "sha256:1c73ea9a0d2283d889001998059f5eaaba3b6238f767c9cf2833b13e6a685f65"},
    {file = "pywin32-306-cp37-cp37m-win_amd64.whl", hash = "sha256:72c5f621542d7bdd4fdb716227be0dd3f8565c11b280be6315b06ace35487d36"},
    {file = "pywin32-306-cp38-cp38-win32.whl", hash = "sha256:e4c092e2589b5cf0d365849e73e02c391c1349958c5ac3e9d5ccb9a28e017b3a"},
    {file = "pywin32-306-cp38-cp38-win_amd64.whl", hash = "sha256:e8ac1ae3601bee6ca9f7cb4b5363bf1c0badb935ef243c4733ff9a393b1690c0"},
    {file = "pywin32-306-cp39-cp39-win32.whl", hash = "sha256:e25fd5b485b55ac9c057f67d94bc203f3f6595078d1fb3b458c9c28b7153a802"},
    {file = "pywin32-306-cp39-cp39-win_amd64.whl", hash = "sha256:39b61c15272833b5c329a2989999dcae836b1eed650252ab1b7bfbe1d59f30f4"},
]

[[package]]
name = "referencing"
version = "0.30.2"
description = "JSON Referencing + Python"
optional = false
python-versions = ">=3.8"
files = [
    {file = "referencing-0.30.2-py3-none-any.whl", hash = "sha256:449b6669b6121a9e96a7f9e410b245d471e8d48964c67113ce9afe50c8dd7bdf"},
    {file = "referencing-0.30.2.tar.gz", hash = "sha256:794ad8003c65938edcdbc027f1933215e0d0ccc0291e3ce20a4d87432b59efc0"},
]

[package.dependencies]
attrs = ">=22.2.0"
rpds-py = ">=0.7.0"

[[package]]
name = "rpds-py"
version = "0.10.6"
description = "Python bindings to Rust's persistent data structures (rpds)"
optional = false
python-versions = ">=3.8"
files = [
    {file = "rpds_py-0.10.6-cp310-cp310-macosx_10_7_x86_64.whl", hash = "sha256:6bdc11f9623870d75692cc33c59804b5a18d7b8a4b79ef0b00b773a27397d1f6"},
    {file = "rpds_py-0.10.6-cp310-cp310-macosx_11_0_arm64.whl", hash = "sha256:26857f0f44f0e791f4a266595a7a09d21f6b589580ee0585f330aaccccb836e3"},
    {file = "rpds_py-0.10.6-cp310-cp310-manylinux_2_17_aarch64.manylinux2014_aarch64.whl", hash = "sha256:d7f5e15c953ace2e8dde9824bdab4bec50adb91a5663df08d7d994240ae6fa31"},
    {file = "rpds_py-0.10.6-cp310-cp310-manylinux_2_17_armv7l.manylinux2014_armv7l.whl", hash = "sha256:61fa268da6e2e1cd350739bb61011121fa550aa2545762e3dc02ea177ee4de35"},
    {file = "rpds_py-0.10.6-cp310-cp310-manylinux_2_17_ppc64le.manylinux2014_ppc64le.whl", hash = "sha256:c48f3fbc3e92c7dd6681a258d22f23adc2eb183c8cb1557d2fcc5a024e80b094"},
    {file = "rpds_py-0.10.6-cp310-cp310-manylinux_2_17_s390x.manylinux2014_s390x.whl", hash = "sha256:c0503c5b681566e8b722fe8c4c47cce5c7a51f6935d5c7012c4aefe952a35eed"},
    {file = "rpds_py-0.10.6-cp310-cp310-manylinux_2_17_x86_64.manylinux2014_x86_64.whl", hash = "sha256:734c41f9f57cc28658d98270d3436dba65bed0cfc730d115b290e970150c540d"},
    {file = "rpds_py-0.10.6-cp310-cp310-manylinux_2_5_i686.manylinux1_i686.whl", hash = "sha256:a5d7ed104d158c0042a6a73799cf0eb576dfd5fc1ace9c47996e52320c37cb7c"},
    {file = "rpds_py-0.10.6-cp310-cp310-musllinux_1_2_aarch64.whl", hash = "sha256:e3df0bc35e746cce42579826b89579d13fd27c3d5319a6afca9893a9b784ff1b"},
    {file = "rpds_py-0.10.6-cp310-cp310-musllinux_1_2_i686.whl", hash = "sha256:73e0a78a9b843b8c2128028864901f55190401ba38aae685350cf69b98d9f7c9"},
    {file = "rpds_py-0.10.6-cp310-cp310-musllinux_1_2_x86_64.whl", hash = "sha256:5ed505ec6305abd2c2c9586a7b04fbd4baf42d4d684a9c12ec6110deefe2a063"},
    {file = "rpds_py-0.10.6-cp310-none-win32.whl", hash = "sha256:d97dd44683802000277bbf142fd9f6b271746b4846d0acaf0cefa6b2eaf2a7ad"},
    {file = "rpds_py-0.10.6-cp310-none-win_amd64.whl", hash = "sha256:b455492cab07107bfe8711e20cd920cc96003e0da3c1f91297235b1603d2aca7"},
    {file = "rpds_py-0.10.6-cp311-cp311-macosx_10_7_x86_64.whl", hash = "sha256:e8cdd52744f680346ff8c1ecdad5f4d11117e1724d4f4e1874f3a67598821069"},
    {file = "rpds_py-0.10.6-cp311-cp311-macosx_11_0_arm64.whl", hash = "sha256:66414dafe4326bca200e165c2e789976cab2587ec71beb80f59f4796b786a238"},
    {file = "rpds_py-0.10.6-cp311-cp311-manylinux_2_17_aarch64.manylinux2014_aarch64.whl", hash = "sha256:cc435d059f926fdc5b05822b1be4ff2a3a040f3ae0a7bbbe672babb468944722"},
    {file = "rpds_py-0.10.6-cp311-cp311-manylinux_2_17_armv7l.manylinux2014_armv7l.whl", hash = "sha256:8e7f2219cb72474571974d29a191714d822e58be1eb171f229732bc6fdedf0ac"},
    {file = "rpds_py-0.10.6-cp311-cp311-manylinux_2_17_ppc64le.manylinux2014_ppc64le.whl", hash = "sha256:3953c6926a63f8ea5514644b7afb42659b505ece4183fdaaa8f61d978754349e"},
    {file = "rpds_py-0.10.6-cp311-cp311-manylinux_2_17_s390x.manylinux2014_s390x.whl", hash = "sha256:2bb2e4826be25e72013916eecd3d30f66fd076110de09f0e750163b416500721"},
    {file = "rpds_py-0.10.6-cp311-cp311-manylinux_2_17_x86_64.manylinux2014_x86_64.whl", hash = "sha256:7bf347b495b197992efc81a7408e9a83b931b2f056728529956a4d0858608b80"},
    {file = "rpds_py-0.10.6-cp311-cp311-manylinux_2_5_i686.manylinux1_i686.whl", hash = "sha256:102eac53bb0bf0f9a275b438e6cf6904904908562a1463a6fc3323cf47d7a532"},
    {file = "rpds_py-0.10.6-cp311-cp311-musllinux_1_2_aarch64.whl", hash = "sha256:40f93086eef235623aa14dbddef1b9fb4b22b99454cb39a8d2e04c994fb9868c"},
    {file = "rpds_py-0.10.6-cp311-cp311-musllinux_1_2_i686.whl", hash = "sha256:e22260a4741a0e7a206e175232867b48a16e0401ef5bce3c67ca5b9705879066"},
    {file = "rpds_py-0.10.6-cp311-cp311-musllinux_1_2_x86_64.whl", hash = "sha256:f4e56860a5af16a0fcfa070a0a20c42fbb2012eed1eb5ceeddcc7f8079214281"},
    {file = "rpds_py-0.10.6-cp311-none-win32.whl", hash = "sha256:0774a46b38e70fdde0c6ded8d6d73115a7c39d7839a164cc833f170bbf539116"},
    {file = "rpds_py-0.10.6-cp311-none-win_amd64.whl", hash = "sha256:4a5ee600477b918ab345209eddafde9f91c0acd931f3776369585a1c55b04c57"},
    {file = "rpds_py-0.10.6-cp312-cp312-macosx_10_7_x86_64.whl", hash = "sha256:5ee97c683eaface61d38ec9a489e353d36444cdebb128a27fe486a291647aff6"},
    {file = "rpds_py-0.10.6-cp312-cp312-macosx_11_0_arm64.whl", hash = "sha256:0713631d6e2d6c316c2f7b9320a34f44abb644fc487b77161d1724d883662e31"},
    {file = "rpds_py-0.10.6-cp312-cp312-manylinux_2_17_aarch64.manylinux2014_aarch64.whl", hash = "sha256:b5a53f5998b4bbff1cb2e967e66ab2addc67326a274567697379dd1e326bded7"},
    {file = "rpds_py-0.10.6-cp312-cp312-manylinux_2_17_armv7l.manylinux2014_armv7l.whl", hash = "sha256:6a555ae3d2e61118a9d3e549737bb4a56ff0cec88a22bd1dfcad5b4e04759175"},
    {file = "rpds_py-0.10.6-cp312-cp312-manylinux_2_17_ppc64le.manylinux2014_ppc64le.whl", hash = "sha256:945eb4b6bb8144909b203a88a35e0a03d22b57aefb06c9b26c6e16d72e5eb0f0"},
    {file = "rpds_py-0.10.6-cp312-cp312-manylinux_2_17_s390x.manylinux2014_s390x.whl", hash = "sha256:52c215eb46307c25f9fd2771cac8135d14b11a92ae48d17968eda5aa9aaf5071"},
    {file = "rpds_py-0.10.6-cp312-cp312-manylinux_2_17_x86_64.manylinux2014_x86_64.whl", hash = "sha256:c1b3cd23d905589cb205710b3988fc8f46d4a198cf12862887b09d7aaa6bf9b9"},
    {file = "rpds_py-0.10.6-cp312-cp312-manylinux_2_5_i686.manylinux1_i686.whl", hash = "sha256:64ccc28683666672d7c166ed465c09cee36e306c156e787acef3c0c62f90da5a"},
    {file = "rpds_py-0.10.6-cp312-cp312-musllinux_1_2_aarch64.whl", hash = "sha256:516a611a2de12fbea70c78271e558f725c660ce38e0006f75139ba337d56b1f6"},
    {file = "rpds_py-0.10.6-cp312-cp312-musllinux_1_2_i686.whl", hash = "sha256:9ff93d3aedef11f9c4540cf347f8bb135dd9323a2fc705633d83210d464c579d"},
    {file = "rpds_py-0.10.6-cp312-cp312-musllinux_1_2_x86_64.whl", hash = "sha256:d858532212f0650be12b6042ff4378dc2efbb7792a286bee4489eaa7ba010586"},
    {file = "rpds_py-0.10.6-cp312-none-win32.whl", hash = "sha256:3c4eff26eddac49d52697a98ea01b0246e44ca82ab09354e94aae8823e8bda02"},
    {file = "rpds_py-0.10.6-cp312-none-win_amd64.whl", hash = "sha256:150eec465dbc9cbca943c8e557a21afdcf9bab8aaabf386c44b794c2f94143d2"},
    {file = "rpds_py-0.10.6-cp38-cp38-macosx_10_7_x86_64.whl", hash = "sha256:cf693eb4a08eccc1a1b636e4392322582db2a47470d52e824b25eca7a3977b53"},
    {file = "rpds_py-0.10.6-cp38-cp38-macosx_11_0_arm64.whl", hash = "sha256:4134aa2342f9b2ab6c33d5c172e40f9ef802c61bb9ca30d21782f6e035ed0043"},
    {file = "rpds_py-0.10.6-cp38-cp38-manylinux_2_17_aarch64.manylinux2014_aarch64.whl", hash = "sha256:e782379c2028a3611285a795b89b99a52722946d19fc06f002f8b53e3ea26ea9"},
    {file = "rpds_py-0.10.6-cp38-cp38-manylinux_2_17_armv7l.manylinux2014_armv7l.whl", hash = "sha256:2f6da6d842195fddc1cd34c3da8a40f6e99e4a113918faa5e60bf132f917c247"},
    {file = "rpds_py-0.10.6-cp38-cp38-manylinux_2_17_ppc64le.manylinux2014_ppc64le.whl", hash = "sha256:b4a9fe992887ac68256c930a2011255bae0bf5ec837475bc6f7edd7c8dfa254e"},
    {file = "rpds_py-0.10.6-cp38-cp38-manylinux_2_17_s390x.manylinux2014_s390x.whl", hash = "sha256:b788276a3c114e9f51e257f2a6f544c32c02dab4aa7a5816b96444e3f9ffc336"},
    {file = "rpds_py-0.10.6-cp38-cp38-manylinux_2_17_x86_64.manylinux2014_x86_64.whl", hash = "sha256:caa1afc70a02645809c744eefb7d6ee8fef7e2fad170ffdeacca267fd2674f13"},
    {file = "rpds_py-0.10.6-cp38-cp38-manylinux_2_5_i686.manylinux1_i686.whl", hash = "sha256:bddd4f91eede9ca5275e70479ed3656e76c8cdaaa1b354e544cbcf94c6fc8ac4"},
    {file = "rpds_py-0.10.6-cp38-cp38-musllinux_1_2_aarch64.whl", hash = "sha256:775049dfa63fb58293990fc59473e659fcafd953bba1d00fc5f0631a8fd61977"},
    {file = "rpds_py-0.10.6-cp38-cp38-musllinux_1_2_i686.whl", hash = "sha256:c6c45a2d2b68c51fe3d9352733fe048291e483376c94f7723458cfd7b473136b"},
    {file = "rpds_py-0.10.6-cp38-cp38-musllinux_1_2_x86_64.whl", hash = "sha256:0699ab6b8c98df998c3eacf51a3b25864ca93dab157abe358af46dc95ecd9801"},
    {file = "rpds_py-0.10.6-cp38-none-win32.whl", hash = "sha256:ebdab79f42c5961682654b851f3f0fc68e6cc7cd8727c2ac4ffff955154123c1"},
    {file = "rpds_py-0.10.6-cp38-none-win_amd64.whl", hash = "sha256:24656dc36f866c33856baa3ab309da0b6a60f37d25d14be916bd3e79d9f3afcf"},
    {file = "rpds_py-0.10.6-cp39-cp39-macosx_10_7_x86_64.whl", hash = "sha256:0898173249141ee99ffcd45e3829abe7bcee47d941af7434ccbf97717df020e5"},
    {file = "rpds_py-0.10.6-cp39-cp39-macosx_11_0_arm64.whl", hash = "sha256:9e9184fa6c52a74a5521e3e87badbf9692549c0fcced47443585876fcc47e469"},
    {file = "rpds_py-0.10.6-cp39-cp39-manylinux_2_17_aarch64.manylinux2014_aarch64.whl", hash = "sha256:5752b761902cd15073a527b51de76bbae63d938dc7c5c4ad1e7d8df10e765138"},
    {file = "rpds_py-0.10.6-cp39-cp39-manylinux_2_17_armv7l.manylinux2014_armv7l.whl", hash = "sha256:99a57006b4ec39dbfb3ed67e5b27192792ffb0553206a107e4aadb39c5004cd5"},
    {file = "rpds_py-0.10.6-cp39-cp39-manylinux_2_17_ppc64le.manylinux2014_ppc64le.whl", hash = "sha256:09586f51a215d17efdb3a5f090d7cbf1633b7f3708f60a044757a5d48a83b393"},
    {file = "rpds_py-0.10.6-cp39-cp39-manylinux_2_17_s390x.manylinux2014_s390x.whl", hash = "sha256:e225a6a14ecf44499aadea165299092ab0cba918bb9ccd9304eab1138844490b"},
    {file = "rpds_py-0.10.6-cp39-cp39-manylinux_2_17_x86_64.manylinux2014_x86_64.whl", hash = "sha256:b2039f8d545f20c4e52713eea51a275e62153ee96c8035a32b2abb772b6fc9e5"},
    {file = "rpds_py-0.10.6-cp39-cp39-manylinux_2_5_i686.manylinux1_i686.whl", hash = "sha256:34ad87a831940521d462ac11f1774edf867c34172010f5390b2f06b85dcc6014"},
    {file = "rpds_py-0.10.6-cp39-cp39-musllinux_1_2_aarch64.whl", hash = "sha256:dcdc88b6b01015da066da3fb76545e8bb9a6880a5ebf89e0f0b2e3ca557b3ab7"},
    {file = "rpds_py-0.10.6-cp39-cp39-musllinux_1_2_i686.whl", hash = "sha256:25860ed5c4e7f5e10c496ea78af46ae8d8468e0be745bd233bab9ca99bfd2647"},
    {file = "rpds_py-0.10.6-cp39-cp39-musllinux_1_2_x86_64.whl", hash = "sha256:7854a207ef77319ec457c1eb79c361b48807d252d94348305db4f4b62f40f7f3"},
    {file = "rpds_py-0.10.6-cp39-none-win32.whl", hash = "sha256:e6fcc026a3f27c1282c7ed24b7fcac82cdd70a0e84cc848c0841a3ab1e3dea2d"},
    {file = "rpds_py-0.10.6-cp39-none-win_amd64.whl", hash = "sha256:e98c4c07ee4c4b3acf787e91b27688409d918212dfd34c872201273fdd5a0e18"},
    {file = "rpds_py-0.10.6-pp310-pypy310_pp73-macosx_10_7_x86_64.whl", hash = "sha256:68fe9199184c18d997d2e4293b34327c0009a78599ce703e15cd9a0f47349bba"},
    {file = "rpds_py-0.10.6-pp310-pypy310_pp73-macosx_11_0_arm64.whl", hash = "sha256:3339eca941568ed52d9ad0f1b8eb9fe0958fa245381747cecf2e9a78a5539c42"},
    {file = "rpds_py-0.10.6-pp310-pypy310_pp73-manylinux_2_17_aarch64.manylinux2014_aarch64.whl", hash = "sha256:a360cfd0881d36c6dc271992ce1eda65dba5e9368575663de993eeb4523d895f"},
    {file = "rpds_py-0.10.6-pp310-pypy310_pp73-manylinux_2_17_armv7l.manylinux2014_armv7l.whl", hash = "sha256:031f76fc87644a234883b51145e43985aa2d0c19b063e91d44379cd2786144f8"},
    {file = "rpds_py-0.10.6-pp310-pypy310_pp73-manylinux_2_17_ppc64le.manylinux2014_ppc64le.whl", hash = "sha256:1f36a9d751f86455dc5278517e8b65580eeee37d61606183897f122c9e51cef3"},
    {file = "rpds_py-0.10.6-pp310-pypy310_pp73-manylinux_2_17_s390x.manylinux2014_s390x.whl", hash = "sha256:052a832078943d2b2627aea0d19381f607fe331cc0eb5df01991268253af8417"},
    {file = "rpds_py-0.10.6-pp310-pypy310_pp73-manylinux_2_17_x86_64.manylinux2014_x86_64.whl", hash = "sha256:023574366002bf1bd751ebaf3e580aef4a468b3d3c216d2f3f7e16fdabd885ed"},
    {file = "rpds_py-0.10.6-pp310-pypy310_pp73-manylinux_2_5_i686.manylinux1_i686.whl", hash = "sha256:defa2c0c68734f4a82028c26bcc85e6b92cced99866af118cd6a89b734ad8e0d"},
    {file = "rpds_py-0.10.6-pp310-pypy310_pp73-musllinux_1_2_aarch64.whl", hash = "sha256:879fb24304ead6b62dbe5034e7b644b71def53c70e19363f3c3be2705c17a3b4"},
    {file = "rpds_py-0.10.6-pp310-pypy310_pp73-musllinux_1_2_i686.whl", hash = "sha256:53c43e10d398e365da2d4cc0bcaf0854b79b4c50ee9689652cdc72948e86f487"},
    {file = "rpds_py-0.10.6-pp310-pypy310_pp73-musllinux_1_2_x86_64.whl", hash = "sha256:3777cc9dea0e6c464e4b24760664bd8831738cc582c1d8aacf1c3f546bef3f65"},
    {file = "rpds_py-0.10.6-pp38-pypy38_pp73-macosx_10_7_x86_64.whl", hash = "sha256:40578a6469e5d1df71b006936ce95804edb5df47b520c69cf5af264d462f2cbb"},
    {file = "rpds_py-0.10.6-pp38-pypy38_pp73-macosx_11_0_arm64.whl", hash = "sha256:cf71343646756a072b85f228d35b1d7407da1669a3de3cf47f8bbafe0c8183a4"},
    {file = "rpds_py-0.10.6-pp38-pypy38_pp73-manylinux_2_17_aarch64.manylinux2014_aarch64.whl", hash = "sha256:10f32b53f424fc75ff7b713b2edb286fdbfc94bf16317890260a81c2c00385dc"},
    {file = "rpds_py-0.10.6-pp38-pypy38_pp73-manylinux_2_17_armv7l.manylinux2014_armv7l.whl", hash = "sha256:81de24a1c51cfb32e1fbf018ab0bdbc79c04c035986526f76c33e3f9e0f3356c"},
    {file = "rpds_py-0.10.6-pp38-pypy38_pp73-manylinux_2_17_ppc64le.manylinux2014_ppc64le.whl", hash = "sha256:ac17044876e64a8ea20ab132080ddc73b895b4abe9976e263b0e30ee5be7b9c2"},
    {file = "rpds_py-0.10.6-pp38-pypy38_pp73-manylinux_2_17_s390x.manylinux2014_s390x.whl", hash = "sha256:5e8a78bd4879bff82daef48c14d5d4057f6856149094848c3ed0ecaf49f5aec2"},
    {file = "rpds_py-0.10.6-pp38-pypy38_pp73-manylinux_2_17_x86_64.manylinux2014_x86_64.whl", hash = "sha256:78ca33811e1d95cac8c2e49cb86c0fb71f4d8409d8cbea0cb495b6dbddb30a55"},
    {file = "rpds_py-0.10.6-pp38-pypy38_pp73-manylinux_2_5_i686.manylinux1_i686.whl", hash = "sha256:c63c3ef43f0b3fb00571cff6c3967cc261c0ebd14a0a134a12e83bdb8f49f21f"},
    {file = "rpds_py-0.10.6-pp38-pypy38_pp73-musllinux_1_2_aarch64.whl", hash = "sha256:7fde6d0e00b2fd0dbbb40c0eeec463ef147819f23725eda58105ba9ca48744f4"},
    {file = "rpds_py-0.10.6-pp38-pypy38_pp73-musllinux_1_2_i686.whl", hash = "sha256:79edd779cfc46b2e15b0830eecd8b4b93f1a96649bcb502453df471a54ce7977"},
    {file = "rpds_py-0.10.6-pp38-pypy38_pp73-musllinux_1_2_x86_64.whl", hash = "sha256:9164ec8010327ab9af931d7ccd12ab8d8b5dc2f4c6a16cbdd9d087861eaaefa1"},
    {file = "rpds_py-0.10.6-pp39-pypy39_pp73-macosx_10_7_x86_64.whl", hash = "sha256:d29ddefeab1791e3c751e0189d5f4b3dbc0bbe033b06e9c333dca1f99e1d523e"},
    {file = "rpds_py-0.10.6-pp39-pypy39_pp73-macosx_11_0_arm64.whl", hash = "sha256:30adb75ecd7c2a52f5e76af50644b3e0b5ba036321c390b8e7ec1bb2a16dd43c"},
    {file = "rpds_py-0.10.6-pp39-pypy39_pp73-manylinux_2_17_aarch64.manylinux2014_aarch64.whl", hash = "sha256:dd609fafdcdde6e67a139898196698af37438b035b25ad63704fd9097d9a3482"},
    {file = "rpds_py-0.10.6-pp39-pypy39_pp73-manylinux_2_17_armv7l.manylinux2014_armv7l.whl", hash = "sha256:6eef672de005736a6efd565577101277db6057f65640a813de6c2707dc69f396"},
    {file = "rpds_py-0.10.6-pp39-pypy39_pp73-manylinux_2_17_ppc64le.manylinux2014_ppc64le.whl", hash = "sha256:6cf4393c7b41abbf07c88eb83e8af5013606b1cdb7f6bc96b1b3536b53a574b8"},
    {file = "rpds_py-0.10.6-pp39-pypy39_pp73-manylinux_2_17_s390x.manylinux2014_s390x.whl", hash = "sha256:ad857f42831e5b8d41a32437f88d86ead6c191455a3499c4b6d15e007936d4cf"},
    {file = "rpds_py-0.10.6-pp39-pypy39_pp73-manylinux_2_17_x86_64.manylinux2014_x86_64.whl", hash = "sha256:1d7360573f1e046cb3b0dceeb8864025aa78d98be4bb69f067ec1c40a9e2d9df"},
    {file = "rpds_py-0.10.6-pp39-pypy39_pp73-manylinux_2_5_i686.manylinux1_i686.whl", hash = "sha256:d08f63561c8a695afec4975fae445245386d645e3e446e6f260e81663bfd2e38"},
    {file = "rpds_py-0.10.6-pp39-pypy39_pp73-musllinux_1_2_aarch64.whl", hash = "sha256:f0f17f2ce0f3529177a5fff5525204fad7b43dd437d017dd0317f2746773443d"},
    {file = "rpds_py-0.10.6-pp39-pypy39_pp73-musllinux_1_2_i686.whl", hash = "sha256:442626328600bde1d09dc3bb00434f5374948838ce75c41a52152615689f9403"},
    {file = "rpds_py-0.10.6-pp39-pypy39_pp73-musllinux_1_2_x86_64.whl", hash = "sha256:e9616f5bd2595f7f4a04b67039d890348ab826e943a9bfdbe4938d0eba606971"},
    {file = "rpds_py-0.10.6.tar.gz", hash = "sha256:4ce5a708d65a8dbf3748d2474b580d606b1b9f91b5c6ab2a316e0b0cf7a4ba50"},
]

[[package]]
name = "six"
version = "1.16.0"
description = "Python 2 and 3 compatibility utilities"
optional = false
python-versions = ">=2.7, !=3.0.*, !=3.1.*, !=3.2.*"
files = [
    {file = "six-1.16.0-py2.py3-none-any.whl", hash = "sha256:8abb2f1d86890a2dfb989f9a77cfcfd3e47c2a354b01111771326f8aa26e0254"},
    {file = "six-1.16.0.tar.gz", hash = "sha256:1e61c37477a1626458e36f7b1d82aa5c9b094fa4802892072e49de9c60c4c926"},
]

[[package]]
name = "tenacity"
version = "8.2.3"
description = "Retry code until it succeeds"
optional = false
python-versions = ">=3.7"
files = [
    {file = "tenacity-8.2.3-py3-none-any.whl", hash = "sha256:ce510e327a630c9e1beaf17d42e6ffacc88185044ad85cf74c0a8887c6a0f88c"},
    {file = "tenacity-8.2.3.tar.gz", hash = "sha256:5398ef0d78e63f40007c1fb4c0bff96e1911394d2fa8d194f77619c05ff6cc8a"},
]

[package.extras]
doc = ["reno", "sphinx", "tornado (>=4.5)"]

[[package]]
name = "traitlets"
version = "5.11.2"
description = "Traitlets Python configuration system"
optional = false
python-versions = ">=3.8"
files = [
    {file = "traitlets-5.11.2-py3-none-any.whl", hash = "sha256:98277f247f18b2c5cabaf4af369187754f4fb0e85911d473f72329db8a7f4fae"},
    {file = "traitlets-5.11.2.tar.gz", hash = "sha256:7564b5bf8d38c40fa45498072bf4dc5e8346eb087bbf1e2ae2d8774f6a0f078e"},
]

[package.extras]
docs = ["myst-parser", "pydata-sphinx-theme", "sphinx"]
test = ["argcomplete (>=3.0.3)", "mypy (>=1.5.1)", "pre-commit", "pytest (>=7.0,<7.5)", "pytest-mock", "pytest-mypy-testing"]

[[package]]
name = "tzdata"
version = "2023.3"
description = "Provider of IANA time zone data"
optional = false
python-versions = ">=2"
files = [
    {file = "tzdata-2023.3-py2.py3-none-any.whl", hash = "sha256:7e65763eef3120314099b6939b5546db7adce1e7d6f2e179e3df563c70511eda"},
    {file = "tzdata-2023.3.tar.gz", hash = "sha256:11ef1e08e54acb0d4f95bdb1be05da659673de4acbd21bf9c69e94cc5e907a3a"},
]

[metadata]
lock-version = "2.0"
python-versions = ">=3.11,<3.13"
content-hash = "b8888e79f6b78434ba6fe2d2474ae0450729804d2e806d74ba2b131661d8c31e"
